# This file was autogenerated by Stack.
# You should not edit this file by hand.
# For more information, please see the documentation at:
#   https://docs.haskellstack.org/en/stable/lock_files

packages:
- completed:
    hackage: haskeline-0.8.2.1@sha256:40096f75591b5391aa99c5ed87148da0e9288ca4be302dd9e5c4326f814089ba,6117
    pantry-tree:
      sha256: a0dc4c2ccf289c20f2da94b660286b9297f9b3dcaccad1040c0a2eaf1c6b6624
      size: 2955
  original:
    hackage: haskeline-0.8.2.1
- completed:
    hackage: mtl-2.3.1@sha256:5377696d7315e2ef31a8d15d67b22d733c20cac2caf8b26756ff8524c8217e6d,1868
    pantry-tree:
      sha256: ac3cf1dc9ef397512d4bf8f2c3fbe4d64fb8aabd253288b34bf86c09ae234d4f
      size: 1853
  original:
    hackage: mtl-2.3.1
snapshots:
- completed:
    sha256: 98fe98dae6f42f9b4405e5467f62f57df2896c57b742a09772688c900c722510
    size: 719579
    url: https://raw.githubusercontent.com/commercialhaskell/stackage-snapshots/master/lts/22/29.yaml
  original: lts-22.29
